{
  "requires": true,
  "lockfileVersion": 1,
  "dependencies": {
    "jquery": {
      "version": "3.3.1",
      "resolved": "https://registry.npmjs.org/jquery/-/jquery-3.3.1.tgz",
      "integrity": "sha512-Ubldcmxp5np52/ENotGxlLe6aGMvmF4R8S6tZjsP6Knsaxd/xp3Zrh50cG93lR6nPXyUFwzN3ZSOQI0wRJNdGg=="
    },
    "jquery-ui": {
      "version": "1.12.1",
      "resolved": "https://registry.npmjs.org/jquery-ui/-/jquery-ui-1.12.1.tgz",
      "integrity": "sha1-vLQEXI3QU5wTS8FIjN0+dop6nlE=",
      "optional": true
    },
    "shuffle": {
      "version": "0.2.2",
      "resolved": "https://registry.npmjs.org/shuffle/-/shuffle-0.2.2.tgz",
      "integrity": "sha1-2k3pnxZfVc/ufSVA/gmcvNscAkw="
    },
    "virtual-keyboard": {
      "version": "1.28.4",
      "resolved": "https://registry.npmjs.org/virtual-keyboard/-/virtual-keyboard-1.28.4.tgz",
      "integrity": "sha512-/R+XIjOgm+H53vzc7YIkVTM8NReVlVfygyExAWwbB98a4AMm/YEInREac4EWTXtVLN54yvTrLkdE2OZuMEuGSQ==",
      "requires": {
        "jquery": "3.3.1",
        "jquery-ui": "1.12.1"
      }
    }
  }
}
